PODS:
  - Flutter (1.0.0)
  - linphone-sdk-novideo (5.2.66)
  - permission_handler_apple (9.0.4):
    - Flutter
  - voip24h_sdk_mobile (0.0.1):
    - Flutter
    - linphone-sdk-novideo

DEPENDENCIES:
  - Flutter (from `Flutter`)
  - linphone-sdk-novideo (= 5.2.66)
  - permission_handler_apple (from `.symlinks/plugins/permission_handler_apple/ios`)
  - voip24h_sdk_mobile (from `.symlinks/plugins/voip24h_sdk_mobile/ios`)

SPEC REPOS:
  https://gitlab.linphone.org/BC/public/podspec.git:
    - linphone-sdk-novideo

EXTERNAL SOURCES:
  Flutter:
    :path: Flutter
  permission_handler_apple:
    :path: ".symlinks/plugins/permission_handler_apple/ios"
  voip24h_sdk_mobile:
    :path: ".symlinks/plugins/voip24h_sdk_mobile/ios"

SPEC CHECKSUMS:
  Flutter: f04841e97a9d0b0a8025694d0796dd46242b2854
  linphone-sdk-novideo: 77a00c398e72e0a7641cb03838e468bf3e821648
  permission_handler_apple: 44366e37eaf29454a1e7b1b7d736c2cceaeb17ce
  voip24h_sdk_mobile: 0ddd687b86366be25c0c4b261cf9da7e4d9e10de

PODFILE CHECKSUM: b4a44ee09ed487f2744cfe9bf3d084e1d39bd581

COCOAPODS: 1.14.3
