PODS:
  - Flutter (1.0.0)
  - linphone-sdk-novideo (5.3.44)
  - permission_handler_apple (9.0.4):
    - Flutter
  - voip24h_sdk_mobile (0.0.1):
    - Flutter
    - linphone-sdk-novideo

DEPENDENCIES:
  - Flutter (from `Flutter`)
  - linphone-sdk-novideo (= 5.3.44)
  - permission_handler_apple (from `.symlinks/plugins/permission_handler_apple/ios`)
  - voip24h_sdk_mobile (from `.symlinks/plugins/voip24h_sdk_mobile/ios`)

SPEC REPOS:
  https://gitlab.linphone.org/BC/public/podspec.git:
    - linphone-sdk-novideo

EXTERNAL SOURCES:
  Flutter:
    :path: Flutter
  permission_handler_apple:
    :path: ".symlinks/plugins/permission_handler_apple/ios"
  voip24h_sdk_mobile:
    :path: ".symlinks/plugins/voip24h_sdk_mobile/ios"

SPEC CHECKSUMS:
  Flutter: e0871f40cf51350855a761d2e70bf5af5b9b5de7
  linphone-sdk-novideo: 9fefecb5f34f205f85335acaa663339189bfbda3
  permission_handler_apple: 44366e37eaf29454a1e7b1b7d736c2cceaeb17ce
  voip24h_sdk_mobile: 0ddd687b86366be25c0c4b261cf9da7e4d9e10de

PODFILE CHECKSUM: 3e9b4c609f2085418454105101a3bd7d9f3c16db

COCOAPODS: 1.15.2
